
Microsoft Visual Studio Solution File, Format Version 11.00
# Visual Studio 2010
Project("{FAE04EC0-301F-11D3-BF4B-00C04F79EFBC}") = "UnitySpaceShooter", "Assembly-CSharp.csproj", "{0C53E6AB-4D3E-C5A9-D379-8E8F5981972F}"
EndProject
Project("{FAE04EC0-301F-11D3-BF4B-00C04F79EFBC}") = "UnitySpaceShooter", "Assembly-CSharp-Editor.csproj", "{4E021AB6-78D5-027D-A1BA-8A11C7261CE0}"
EndProject
Global
	GlobalSection(SolutionConfigurationPlatforms) = preSolution
		Debug|Any CPU = Debug|Any CPU
		Release|Any CPU = Release|Any CPU
	EndGlobalSection
	GlobalSection(ProjectConfigurationPlatforms) = postSolution
		{0C53E6AB-4D3E-C5A9-D379-8E8F5981972F}.Debug|Any CPU.ActiveCfg = Debug|Any CPU
		{0C53E6AB-4D3E-C5A9-D379-8E8F5981972F}.Debug|Any CPU.Build.0 = Debug|Any CPU
		{0C53E6AB-4D3E-C5A9-D379-8E8F5981972F}.Release|Any CPU.ActiveCfg = Release|Any CPU
		{0C53E6AB-4D3E-C5A9-D379-8E8F5981972F}.Release|Any CPU.Build.0 = Release|Any CPU
		{4E021AB6-78D5-027D-A1BA-8A11C7261CE0}.Debug|Any CPU.ActiveCfg = Debug|Any CPU
		{4E021AB6-78D5-027D-A1BA-8A11C7261CE0}.Debug|Any CPU.Build.0 = Debug|Any CPU
		{4E021AB6-78D5-027D-A1BA-8A11C7261CE0}.Release|Any CPU.ActiveCfg = Release|Any CPU
		{4E021AB6-78D5-027D-A1BA-8A11C7261CE0}.Release|Any CPU.Build.0 = Release|Any CPU
	EndGlobalSection
	GlobalSection(SolutionProperties) = preSolution
		HideSolutionNode = FALSE
	EndGlobalSection
	GlobalSection(MonoDevelopProperties) = preSolution
		StartupItem = Assembly-CSharp.csproj
	EndGlobalSection
EndGlobal
